[[tools."aqua:neovim"]]
version = "0.11.6"
backend = "aqua:neovim"
"platforms.linux-x64" = { checksum = "sha256:2fc90b962327f73a78afbfb8203fd19db8db9cdf4ee5e2bef84704339add89cc", url = "https://github.com/neovim/neovim/releases/download/v0.11.6/nvim-linux-x86_64.tar.gz"}

[[tools.bat]]
version = "0.25.0"
backend = "aqua:sharkdp/bat"
"platforms.linux-arm64" = { url = "https://github.com/sharkdp/bat/releases/download/v0.25.0/bat-v0.25.0-aarch64-unknown-linux-musl.tar.gz"}
"platforms.linux-x64" = { url = "https://github.com/sharkdp/bat/releases/download/v0.25.0/bat-v0.25.0-x86_64-unknown-linux-musl.tar.gz"}
"platforms.macos-arm64" = { url = "https://github.com/sharkdp/bat/releases/download/v0.25.0/bat-v0.25.0-aarch64-apple-darwin.tar.gz"}
"platforms.macos-x64" = { url = "https://github.com/sharkdp/bat/releases/download/v0.25.0/bat-v0.25.0-x86_64-apple-darwin.tar.gz"}
"platforms.windows-x64" = { url = "https://github.com/sharkdp/bat/releases/download/v0.25.0/bat-v0.25.0-x86_64-pc-windows-msvc.zip"}

[[tools.btop]]
version = "1.4.4"
backend = "aqua:aristocratos/btop"
"platforms.linux-arm64" = { checksum = "sha256:e8845d3f69f6a32d00258a1f79c093970666ece3d05a430c7b24a16c56577bf5", url = "https://github.com/aristocratos/btop/releases/download/v1.4.4/btop-aarch64-linux-musl.tbz"}
"platforms.linux-x64" = { checksum = "sha256:fec7d1b59c671290a0f80d5a32617ea6d60412485fc04318fd194b9550ff6b49", url = "https://github.com/aristocratos/btop/releases/download/v1.4.4/btop-x86_64-linux-musl.tbz"}

[[tools.chezmoi]]
version = "2.68.1"
backend = "aqua:twpayne/chezmoi"
"platforms.linux-arm64" = { checksum = "sha256:057ab9ba1b0aa0615eadab1b25771ac1c837d79a4d60ace86296e4c8e2eae586", url = "https://github.com/twpayne/chezmoi/releases/download/v2.68.1/chezmoi_2.68.1_linux_arm64.pkg.tar.zst"}
"platforms.linux-x64" = { checksum = "sha256:3013e9d8d5eeab832b28bc87c8666efddecfc0fe9a1c6597368d940498022fe1", url = "https://github.com/twpayne/chezmoi/releases/download/v2.68.1/chezmoi_2.68.1_linux-glibc_amd64.tar.gz"}
"platforms.macos-arm64" = { checksum = "sha256:4d5f98464382a29cb717b9fc39fce720d451f996181a15dd0dc6ca16305dacef", url = "https://github.com/twpayne/chezmoi/releases/download/v2.68.1/chezmoi_2.68.1_darwin_arm64.tar.gz"}
"platforms.macos-x64" = { checksum = "sha256:c40fe3eb799154ebc126e806e3cb037eff93f9b5e05d4c295d565291db670b10", url = "https://github.com/twpayne/chezmoi/releases/download/v2.68.1/chezmoi_2.68.1_darwin_amd64.tar.gz"}
"platforms.windows-x64" = { checksum = "sha256:a48169627572aeeaf7a46ab0d30906f3786ab84235adf5819850c65762aef3b1", url = "https://github.com/twpayne/chezmoi/releases/download/v2.68.1/chezmoi_2.68.1_windows_amd64.zip"}

[[tools.cloudflared]]
version = "2025.11.1"
backend = "aqua:cloudflare/cloudflared"
"platforms.linux-arm64" = { checksum = "sha256:9979dc152097a29b6de4d1ef13e2f1821c67a6f096f88cc18f0fd25106305d3a", url = "https://github.com/cloudflare/cloudflared/releases/download/2025.11.1/cloudflared-linux-arm64"}
"platforms.linux-x64" = { checksum = "sha256:991dffd8889ee9f0147b6b48933da9e4407e68ea8c6d984f55fa2d3db4bb431d", url = "https://github.com/cloudflare/cloudflared/releases/download/2025.11.1/cloudflared-linux-amd64"}
"platforms.macos-arm64" = { checksum = "sha256:155a288fef19dba08f0c7145c16a207baf137462d8a1289a78bf8564f9e51244", url = "https://github.com/cloudflare/cloudflared/releases/download/2025.11.1/cloudflared-darwin-amd64.tgz"}
"platforms.macos-x64" = { checksum = "sha256:155a288fef19dba08f0c7145c16a207baf137462d8a1289a78bf8564f9e51244", url = "https://github.com/cloudflare/cloudflared/releases/download/2025.11.1/cloudflared-darwin-amd64.tgz"}
"platforms.windows-x64" = { checksum = "sha256:413f9b24dc6e61a455564651524f167b8ce29ac4ccd40703dea7af93cd37ed39", url = "https://github.com/cloudflare/cloudflared/releases/download/2025.11.1/cloudflared-windows-amd64.exe"}

[[tools.doggo]]
version = "1.0.5"
backend = "aqua:mr-karan/doggo"
"platforms.linux-arm64" = { checksum = "sha256:999eca7a590e4230fb63cc4390a74355ad16023b3103914c6c051b3f6bf8973d", url = "https://github.com/mr-karan/doggo/releases/download/v1.0.5/doggo_1.0.5_Linux_arm64.tar.gz"}
"platforms.linux-x64" = { checksum = "sha256:3e9047da1c473c3895230e4bf3303b1b7a5d1c82cc688043be431984e1de697d", url = "https://github.com/mr-karan/doggo/releases/download/v1.0.5/doggo_1.0.5_Linux_x86_64.tar.gz"}
"platforms.macos-arm64" = { checksum = "sha256:0535fdfc5084db88ca1eea2b6f90a64a1885303d669ff23ff4fe4860b5c556b1", url = "https://github.com/mr-karan/doggo/releases/download/v1.0.5/doggo_1.0.5_Darwin_arm64.tar.gz"}
"platforms.macos-x64" = { checksum = "sha256:c6d7d6d31d60adef4b65ea04e602c4a40e72545ba218fd5b3372cd8ea1561eea", url = "https://github.com/mr-karan/doggo/releases/download/v1.0.5/doggo_1.0.5_Darwin_x86_64.tar.gz"}
"platforms.windows-x64" = { checksum = "sha256:2dff0f18b26ae712ce6bfc89cc0290124465c0bba327f5157839fbebd5bae062", url = "https://github.com/mr-karan/doggo/releases/download/v1.0.5/doggo_1.0.5_Windows_x86_64.zip"}

[[tools.fd]]
version = "10.2.0"
backend = "aqua:sharkdp/fd"
"platforms.linux-arm64" = { url = "https://github.com/sharkdp/fd/releases/download/v10.2.0/fd-v10.2.0-aarch64-unknown-linux-musl.tar.gz"}
"platforms.linux-x64" = { url = "https://github.com/sharkdp/fd/releases/download/v10.2.0/fd-v10.2.0-x86_64-unknown-linux-musl.tar.gz"}
"platforms.macos-arm64" = { url = "https://github.com/sharkdp/fd/releases/download/v10.2.0/fd-v10.2.0-aarch64-apple-darwin.tar.gz"}
"platforms.macos-x64" = { url = "https://github.com/sharkdp/fd/releases/download/v10.2.0/fd-v10.2.0-x86_64-apple-darwin.tar.gz"}
"platforms.windows-x64" = { url = "https://github.com/sharkdp/fd/releases/download/v10.2.0/fd-v10.2.0-x86_64-pc-windows-msvc.zip"}

[[tools.fzf]]
version = "0.62.0"
backend = "aqua:junegunn/fzf"
"platforms.linux-arm64" = { checksum = "sha256:929fd132705d02f222a52e23c076018ef3e699793dd5e8c3183bb11ed9b7696e", url = "https://github.com/junegunn/fzf/releases/download/v0.62.0/fzf-0.62.0-linux_arm64.tar.gz"}
"platforms.linux-x64" = { checksum = "sha256:64b56dd484a2317d5f04c28ac0791b36807f034adb419209ad39fb6637255794", url = "https://github.com/junegunn/fzf/releases/download/v0.62.0/fzf-0.62.0-linux_amd64.tar.gz"}
"platforms.macos-arm64" = { checksum = "sha256:7ea045ffec6d5461a983e299eccfaa66324373c6e3d1894568f09e47fa7560c1", url = "https://github.com/junegunn/fzf/releases/download/v0.62.0/fzf-0.62.0-darwin_arm64.tar.gz"}
"platforms.macos-x64" = { checksum = "sha256:7657712753fea74f9390b0dc99d175a9336ca722de413cccfca16aae86720acd", url = "https://github.com/junegunn/fzf/releases/download/v0.62.0/fzf-0.62.0-darwin_amd64.tar.gz"}
"platforms.windows-x64" = { checksum = "sha256:dac80c9d652c34f0ccd5d7c1c7b0e3ac9aa2e26c86d0a98b206ce5126f8a9774", url = "https://github.com/junegunn/fzf/releases/download/v0.62.0/fzf-0.62.0-windows_amd64.zip"}

[[tools.github-cli]]
version = "2.82.1"
backend = "aqua:cli/cli"
"platforms.linux-arm64" = { checksum = "sha256:80b467daabeabf4379b5b7138f4b8b47f56670cc615ab288361a602ce413d8bf", url = "https://github.com/cli/cli/releases/download/v2.82.1/gh_2.82.1_linux_arm64.tar.gz"}
"platforms.linux-x64" = { checksum = "sha256:afada88676dfccea384e6cc28ae990b3e31bbc55f9d75c4697f902c757fa462b", url = "https://github.com/cli/cli/releases/download/v2.82.1/gh_2.82.1_linux_amd64.tar.gz"}
"platforms.macos-arm64" = { checksum = "sha256:8cf015d101a5a43bbf662155d47ba6242bd1a1630c814e764254efa86e448ba7", url = "https://github.com/cli/cli/releases/download/v2.82.1/gh_2.82.1_macOS_arm64.zip"}
"platforms.macos-x64" = { checksum = "sha256:83499edd5830f345e01e187e4593a46919bd7440b43c5aabe2442ae918cad9f1", url = "https://github.com/cli/cli/releases/download/v2.82.1/gh_2.82.1_macOS_amd64.zip"}
"platforms.windows-x64" = { checksum = "sha256:17bb2a19d25887cebd3b0ee2d3a3fdf56791eb0df15cf34b068fac56212f690b", url = "https://github.com/cli/cli/releases/download/v2.82.1/gh_2.82.1_windows_amd64.zip"}

[[tools.jj]]
version = "0.34.0"
backend = "aqua:jj-vcs/jj"
"platforms.linux-arm64" = { checksum = "sha256:39b5d689bcdc37256fe5f9ed9caccf5e73b310d1f86848fdf610a7bea9d75c14", url = "https://github.com/jj-vcs/jj/releases/download/v0.34.0/jj-v0.34.0-aarch64-unknown-linux-musl.tar.gz"}
"platforms.linux-x64" = { checksum = "sha256:1e8e1ede656fecba91ceb8248a76402a110017ad677d0ecfd1f2040f5543cfa3", url = "https://github.com/jj-vcs/jj/releases/download/v0.34.0/jj-v0.34.0-x86_64-unknown-linux-musl.tar.gz"}
"platforms.macos-arm64" = { checksum = "sha256:8893d34ff0c76e16fdf46ba8771ea2498294957aec5efb0618de15cc493aee27", url = "https://github.com/jj-vcs/jj/releases/download/v0.34.0/jj-v0.34.0-aarch64-apple-darwin.tar.gz"}
"platforms.macos-x64" = { checksum = "sha256:807417125e574432b71c4568a0e2d6168c30af3b59e64ce02a45a54cf0880bd7", url = "https://github.com/jj-vcs/jj/releases/download/v0.34.0/jj-v0.34.0-x86_64-apple-darwin.tar.gz"}
"platforms.windows-x64" = { checksum = "sha256:138f2642a99afb08aff0f7dc54b2076dcdc625d07a9a2e21b52895ea72db900e", url = "https://github.com/jj-vcs/jj/releases/download/v0.34.0/jj-v0.34.0-x86_64-pc-windows-msvc.zip"}

[[tools.lazygit]]
version = "0.57.0"
backend = "aqua:jesseduffield/lazygit"
"platforms.linux-arm64" = { checksum = "sha256:6bc14dcfafe943363226ed2a2c222d5dda68247acc9bdc382d129dd7fe98f985", url = "https://github.com/jesseduffield/lazygit/releases/download/v0.57.0/lazygit_0.57.0_linux_arm64.tar.gz"}
"platforms.linux-x64" = { checksum = "sha256:ced011ecd1459d069c66128fbf172b7248c8b99d8983fa17d84a247a98146d5e", url = "https://github.com/jesseduffield/lazygit/releases/download/v0.57.0/lazygit_0.57.0_linux_x86_64.tar.gz"}
"platforms.macos-arm64" = { checksum = "sha256:e90dd90c37bb012f1fe708e7f3d32d28747c8638c75a45268734c5e33277c3d0", url = "https://github.com/jesseduffield/lazygit/releases/download/v0.57.0/lazygit_0.57.0_darwin_arm64.tar.gz"}
"platforms.macos-x64" = { checksum = "sha256:c34dd41ba01007b3684fd84761f7103dba4af087785200fa1d355a253acd31a2", url = "https://github.com/jesseduffield/lazygit/releases/download/v0.57.0/lazygit_0.57.0_darwin_x86_64.tar.gz"}
"platforms.windows-x64" = { checksum = "sha256:775a210b3becd262a067d75be33d3d0ecd58cbc2dde3a36ca74e4757b080618c", url = "https://github.com/jesseduffield/lazygit/releases/download/v0.57.0/lazygit_0.57.0_windows_x86_64.zip"}

[[tools.lsd]]
version = "1.1.5"
backend = "aqua:lsd-rs/lsd"
"platforms.linux-arm64" = { url = "https://github.com/lsd-rs/lsd/releases/download/v1.1.5/lsd-v1.1.5-aarch64-unknown-linux-musl.tar.gz"}
"platforms.linux-x64" = { url = "https://github.com/lsd-rs/lsd/releases/download/v1.1.5/lsd-v1.1.5-x86_64-unknown-linux-musl.tar.gz"}
"platforms.macos-arm64" = { url = "https://github.com/lsd-rs/lsd/releases/download/v1.1.5/lsd-v1.1.5-aarch64-apple-darwin.tar.gz"}
"platforms.macos-x64" = { url = "https://github.com/lsd-rs/lsd/releases/download/v1.1.5/lsd-v1.1.5-x86_64-apple-darwin.tar.gz"}
"platforms.windows-x64" = { url = "https://github.com/lsd-rs/lsd/releases/download/v1.1.5/lsd-v1.1.5-x86_64-pc-windows-msvc.zip"}

[[tools.neovim]]
version = "0.11.6"
backend = "asdf:neovim"

[[tools.node]]
version = "23.11.0"
backend = "core:node"
"platforms.linux-arm64" = { checksum = "sha256:12b29a87a7ccd7e1b97392d1e1533470d596578dad900430cff403e404fe72a7", url = "https://nodejs.org/dist/v23.11.0/node-v23.11.0-linux-arm64.tar.gz"}
"platforms.linux-x64" = { checksum = "sha256:66f768a7f2d89ecdda8fe1e33ee71ac04ed9180111cbf1c5fb944655fe7c90c7", url = "https://nodejs.org/dist/v23.11.0/node-v23.11.0-linux-x64.tar.gz"}
"platforms.macos-arm64" = { checksum = "sha256:635990b46610238e3c008cd01480c296e0c2bfe7ec59ea9a8cd789d5ac621bb0", url = "https://nodejs.org/dist/v23.11.0/node-v23.11.0-darwin-arm64.tar.gz"}
"platforms.macos-x64" = { checksum = "sha256:a5782655748d4602c1ee1ee62732e0a16d29d3e4faac844db395b0fbb1c9dab8", url = "https://nodejs.org/dist/v23.11.0/node-v23.11.0-darwin-x64.tar.gz"}
"platforms.windows-x64" = { checksum = "sha256:42749f1e4583907ab92bac4b4bdb031201a0b3f7b028ea6b6e0d5bb40e433ae9", url = "https://nodejs.org/dist/v23.11.0/node-v23.11.0-win-x64.zip"}

[[tools.opencode]]
version = "1.0.137"
backend = "aqua:sst/opencode"

[[tools.ripgrep]]
version = "14.1.1"
backend = "aqua:BurntSushi/ripgrep"
"platforms.linux-arm64" = { checksum = "sha256:c827481c4ff4ea10c9dc7a4022c8de5db34a5737cb74484d62eb94a95841ab2f", url = "https://github.com/BurntSushi/ripgrep/releases/download/14.1.1/ripgrep-14.1.1-aarch64-unknown-linux-gnu.tar.gz"}
"platforms.linux-x64" = { checksum = "sha256:4cf9f2741e6c465ffdb7c26f38056a59e2a2544b51f7cc128ef28337eeae4d8e", url = "https://github.com/BurntSushi/ripgrep/releases/download/14.1.1/ripgrep-14.1.1-x86_64-unknown-linux-musl.tar.gz"}
"platforms.macos-arm64" = { checksum = "sha256:24ad76777745fbff131c8fbc466742b011f925bfa4fffa2ded6def23b5b937be", url = "https://github.com/BurntSushi/ripgrep/releases/download/14.1.1/ripgrep-14.1.1-aarch64-apple-darwin.tar.gz"}
"platforms.macos-x64" = { checksum = "sha256:fc87e78f7cb3fea12d69072e7ef3b21509754717b746368fd40d88963630e2b3", url = "https://github.com/BurntSushi/ripgrep/releases/download/14.1.1/ripgrep-14.1.1-x86_64-apple-darwin.tar.gz"}
"platforms.windows-x64" = { url = "https://github.com/BurntSushi/ripgrep/releases/download/14.1.1/ripgrep-14.1.1-x86_64-pc-windows-msvc.zip"}

[[tools.starship]]
version = "1.23.0"
backend = "aqua:starship/starship"
"platforms.linux-arm64" = { checksum = "sha256:d37040138c68b5f3334bbe16d4615f0a83829deebecc5d014e779c302e8270d8", url = "https://github.com/starship/starship/releases/download/v1.23.0/starship-aarch64-unknown-linux-musl.tar.gz"}
"platforms.linux-x64" = { checksum = "sha256:8d06d2cc67aedd6316ff58ab679fb80cded0d85de1dcd5727df0633d35356d57", url = "https://github.com/starship/starship/releases/download/v1.23.0/starship-x86_64-unknown-linux-musl.tar.gz"}
"platforms.macos-arm64" = { checksum = "sha256:042c8001275316836a3c43fdb88d0787395edfd0c10d209e4892ab5577b80d57", url = "https://github.com/starship/starship/releases/download/v1.23.0/starship-aarch64-apple-darwin.tar.gz"}
"platforms.macos-x64" = { checksum = "sha256:8cac7a18fb1faf0aec50bd221dd71ecc8553850d99c212231851ae64ba11f089", url = "https://github.com/starship/starship/releases/download/v1.23.0/starship-x86_64-apple-darwin.tar.gz"}
"platforms.windows-x64" = { checksum = "sha256:50e670dda19bcc480ae4d1f7f0d3c7a092693252292406b54ababa706100f03c", url = "https://github.com/starship/starship/releases/download/v1.23.0/starship-x86_64-pc-windows-msvc.zip"}

[[tools."ubi:nushell/nushell"]]
version = "0.108.0"
backend = "ubi:nushell/nushell[exe=nu]"

[tools."ubi:nushell/nushell".options]
exe = "nu"

[[tools.zellij]]
version = "0.43.0"
backend = "aqua:zellij-org/zellij"
"platforms.linux-arm64" = { checksum = "sha256:8b237b1dd7f0d2634e985347db8cad0cd5d67cfe01194f1b940abd89aff83e55", url = "https://github.com/zellij-org/zellij/releases/download/v0.43.0/zellij-aarch64-unknown-linux-musl.tar.gz"}
"platforms.linux-x64" = { checksum = "sha256:00070e052a86e3072dbd626cc0a0295106e7ed74c42871ba38185d4ebbcae58a", url = "https://github.com/zellij-org/zellij/releases/download/v0.43.0/zellij-x86_64-unknown-linux-musl.tar.gz"}
"platforms.macos-arm64" = { checksum = "sha256:03569f56e3f31d24471128169ba32be476c5dd25b261ae9193645bf7a2e52e7c", url = "https://github.com/zellij-org/zellij/releases/download/v0.43.0/zellij-aarch64-apple-darwin.tar.gz"}
"platforms.macos-x64" = { checksum = "sha256:d4933b805e127cc60edb77cf9356995863eb484aa014bc2f90804384ce1bb852", url = "https://github.com/zellij-org/zellij/releases/download/v0.43.0/zellij-x86_64-apple-darwin.tar.gz"}

[[tools.zoxide]]
version = "0.9.8"
backend = "aqua:ajeetdsouza/zoxide"
"platforms.linux-arm64" = { url = "https://github.com/ajeetdsouza/zoxide/releases/download/v0.9.8/zoxide-0.9.8-aarch64-unknown-linux-musl.tar.gz"}
"platforms.linux-x64" = { url = "https://github.com/ajeetdsouza/zoxide/releases/download/v0.9.8/zoxide-0.9.8-x86_64-unknown-linux-musl.tar.gz"}
"platforms.macos-arm64" = { url = "https://github.com/ajeetdsouza/zoxide/releases/download/v0.9.8/zoxide-0.9.8-aarch64-apple-darwin.tar.gz"}
"platforms.macos-x64" = { url = "https://github.com/ajeetdsouza/zoxide/releases/download/v0.9.8/zoxide-0.9.8-x86_64-apple-darwin.tar.gz"}
"platforms.windows-x64" = { url = "https://github.com/ajeetdsouza/zoxide/releases/download/v0.9.8/zoxide-0.9.8-x86_64-pc-windows-msvc.zip"}
